
Microsoft Visual Studio Solution File, Format Version 12.00
# Visual Studio Version 17
VisualStudioVersion = 17.3.32929.385
MinimumVisualStudioVersion = 10.0.40219.1
Project("{F184B08F-C81C-45F6-A57F-5ABD9991F28F}") = "PaieVendeur", "PaieVendeur\PaieVendeur.vbproj", "{CFBF89E8-B39A-4F2A-8651-F3D0FBB4DE71}"
EndProject
Global
	GlobalSection(SolutionConfigurationPlatforms) = preSolution
		Debug|Any CPU = Debug|Any CPU
		Release|Any CPU = Release|Any CPU
	EndGlobalSection
	GlobalSection(ProjectConfigurationPlatforms) = postSolution
		{CFBF89E8-B39A-4F2A-8651-F3D0FBB4DE71}.Debug|Any CPU.ActiveCfg = Debug|Any CPU
		{CFBF89E8-B39A-4F2A-8651-F3D0FBB4DE71}.Debug|Any CPU.Build.0 = Debug|Any CPU
		{CFBF89E8-B39A-4F2A-8651-F3D0FBB4DE71}.Release|Any CPU.ActiveCfg = Release|Any CPU
		{CFBF89E8-B39A-4F2A-8651-F3D0FBB4DE71}.Release|Any CPU.Build.0 = Release|Any CPU
	EndGlobalSection
	GlobalSection(SolutionProperties) = preSolution
		HideSolutionNode = FALSE
	EndGlobalSection
	GlobalSection(ExtensibilityGlobals) = postSolution
		SolutionGuid = {9261CDBD-DDD1-4CE5-A643-9CBE7B959321}
	EndGlobalSection
EndGlobal
